
Microsoft Visual Studio Solution File, Format Version 12.00
# Visual Studio 15
Project("{FAE04EC0-301F-11D3-BF4B-00C04F79EFBC}") = "Assembly-CSharp", "Assembly-CSharp.csproj", "{F87FF15A-5C2E-A5CE-05D6-E3F73FB4BED1}"
EndProject
Project("{FAE04EC0-301F-11D3-BF4B-00C04F79EFBC}") = "MPUIKit", "MPUIKit.csproj", "{137913E3-D4C6-E77E-0069-C4284AEF4E5C}"
EndProject
Project("{FAE04EC0-301F-11D3-BF4B-00C04F79EFBC}") = "MPUIKit.Editor", "MPUIKit.Editor.csproj", "{07DF8DCF-6721-903D-9115-DD5222E3B41B}"
EndProject
Global
	GlobalSection(SolutionConfigurationPlatforms) = preSolution
		Debug|Any CPU = Debug|Any CPU
		Release|Any CPU = Release|Any CPU
	EndGlobalSection
	GlobalSection(ProjectConfigurationPlatforms) = postSolution
		{F87FF15A-5C2E-A5CE-05D6-E3F73FB4BED1}.Debug|Any CPU.ActiveCfg = Debug|Any CPU
		{F87FF15A-5C2E-A5CE-05D6-E3F73FB4BED1}.Debug|Any CPU.Build.0 = Debug|Any CPU
		{F87FF15A-5C2E-A5CE-05D6-E3F73FB4BED1}.Release|Any CPU.ActiveCfg = Release|Any CPU
		{F87FF15A-5C2E-A5CE-05D6-E3F73FB4BED1}.Release|Any CPU.Build.0 = Release|Any CPU
		{137913E3-D4C6-E77E-0069-C4284AEF4E5C}.Debug|Any CPU.ActiveCfg = Debug|Any CPU
		{137913E3-D4C6-E77E-0069-C4284AEF4E5C}.Debug|Any CPU.Build.0 = Debug|Any CPU
		{137913E3-D4C6-E77E-0069-C4284AEF4E5C}.Release|Any CPU.ActiveCfg = Release|Any CPU
		{137913E3-D4C6-E77E-0069-C4284AEF4E5C}.Release|Any CPU.Build.0 = Release|Any CPU
		{07DF8DCF-6721-903D-9115-DD5222E3B41B}.Debug|Any CPU.ActiveCfg = Debug|Any CPU
		{07DF8DCF-6721-903D-9115-DD5222E3B41B}.Debug|Any CPU.Build.0 = Debug|Any CPU
		{07DF8DCF-6721-903D-9115-DD5222E3B41B}.Release|Any CPU.ActiveCfg = Release|Any CPU
		{07DF8DCF-6721-903D-9115-DD5222E3B41B}.Release|Any CPU.Build.0 = Release|Any CPU
	EndGlobalSection
	GlobalSection(SolutionProperties) = preSolution
		HideSolutionNode = FALSE
	EndGlobalSection
EndGlobal
